{
  "name": "clerk-user-migration",
  "version": "0.0.1",
  "lockfileVersion": 3,
  "requires": true,
  "packages": {
    "": {
      "name": "clerk-user-migration",
      "version": "0.0.1",
      "license": "ISC",
      "dependencies": {
        "@clerk/clerk-sdk-node": "^4.12.21",
        "bun": "^1.0.12",
        "dotenv": "^16.3.1",
        "listr": "^0.14.3",
        "zod": "^3.22.4"
      },
      "bin": {
        "clerk-user-migration": "index.ts"
      },
      "devDependencies": {
        "@types/listr": "^0.14.9"
      }
    },
    "node_modules/@clerk/backend": {
      "version": "0.34.1",
      "license": "MIT",
      "dependencies": {
        "@clerk/shared": "1.1.0",
        "@clerk/types": "3.58.0",
        "@peculiar/webcrypto": "1.4.1",
        "@types/node": "16.18.6",
        "cookie": "0.5.0",
        "deepmerge": "4.2.2",
        "node-fetch-native": "1.0.1",
        "snakecase-keys": "5.4.4",
        "tslib": "2.4.1"
      },
      "engines": {
        "node": ">=14"
      }
    },
    "node_modules/@clerk/backend/node_modules/@types/node": {
      "version": "16.18.6",
      "license": "MIT"
    },
    "node_modules/@clerk/backend/node_modules/snakecase-keys": {
      "version": "5.4.4",
      "license": "MIT",
      "dependencies": {
        "map-obj": "^4.1.0",
        "snake-case": "^3.0.4",
        "type-fest": "^2.5.2"
      },
      "engines": {
        "node": ">=12"
      }
    },
    "node_modules/@clerk/backend/node_modules/tslib": {
      "version": "2.4.1",
      "license": "0BSD"
    },
    "node_modules/@clerk/backend/node_modules/type-fest": {
      "version": "2.19.0",
      "license": "(MIT OR CC0-1.0)",
      "engines": {
        "node": ">=12.20"
      },
      "funding": {
        "url": "https://github.com/sponsors/sindresorhus"
      }
    },
    "node_modules/@clerk/clerk-sdk-node": {
      "version": "4.12.21",
      "license": "MIT",
      "dependencies": {
        "@clerk/backend": "0.34.1",
        "@clerk/shared": "1.1.0",
        "@clerk/types": "3.58.0",
        "@types/cookies": "0.7.7",
        "@types/express": "4.17.14",
        "@types/node-fetch": "2.6.2",
        "camelcase-keys": "6.2.2",
        "snakecase-keys": "3.2.1",
        "tslib": "2.4.1"
      },
      "engines": {
        "node": ">=14"
      }
    },
    "node_modules/@clerk/clerk-sdk-node/node_modules/tslib": {
      "version": "2.4.1",
      "license": "0BSD"
    },
    "node_modules/@clerk/shared": {
      "version": "1.1.0",
      "license": "MIT",
      "dependencies": {
        "glob-to-regexp": "0.4.1",
        "js-cookie": "3.0.1",
        "swr": "2.2.0"
      },
      "peerDependencies": {
        "react": ">=16"
      },
      "peerDependenciesMeta": {
        "react": {
          "optional": true
        }
      }
    },
    "node_modules/@clerk/types": {
      "version": "3.58.0",
      "license": "MIT",
      "dependencies": {
        "csstype": "3.1.1"
      },
      "engines": {
        "node": ">=14"
      }
    },
    "node_modules/@clerk/types/node_modules/csstype": {
      "version": "3.1.1",
      "license": "MIT"
    },
    "node_modules/@oven/bun-linux-x64": {
      "version": "1.0.12",
      "cpu": [
        "x64"
      ],
      "license": "MIT",
      "optional": true,
      "os": [
        "linux"
      ]
    },
    "node_modules/@oven/bun-linux-x64-baseline": {
      "version": "1.0.12",
      "cpu": [
        "x64"
      ],
      "license": "MIT",
      "optional": true,
      "os": [
        "linux"
      ]
    },
    "node_modules/@peculiar/asn1-schema": {
      "version": "2.3.8",
      "license": "MIT",
      "dependencies": {
        "asn1js": "^3.0.5",
        "pvtsutils": "^1.3.5",
        "tslib": "^2.6.2"
      }
    },
    "node_modules/@peculiar/json-schema": {
      "version": "1.1.12",
      "license": "MIT",
      "dependencies": {
        "tslib": "^2.0.0"
      },
      "engines": {
        "node": ">=8.0.0"
      }
    },
    "node_modules/@peculiar/webcrypto": {
      "version": "1.4.1",
      "license": "MIT",
      "dependencies": {
        "@peculiar/asn1-schema": "^2.3.0",
        "@peculiar/json-schema": "^1.1.12",
        "pvtsutils": "^1.3.2",
        "tslib": "^2.4.1",
        "webcrypto-core": "^1.7.4"
      },
      "engines": {
        "node": ">=10.12.0"
      }
    },
    "node_modules/@samverschueren/stream-to-observable": {
      "version": "0.3.1",
      "license": "MIT",
      "dependencies": {
        "any-observable": "^0.3.0"
      },
      "engines": {
        "node": ">=6"
      },
      "peerDependenciesMeta": {
        "rxjs": {
          "optional": true
        },
        "zen-observable": {
          "optional": true
        }
      }
    },
    "node_modules/@types/body-parser": {
      "version": "1.19.5",
      "license": "MIT",
      "dependencies": {
        "@types/connect": "*",
        "@types/node": "*"
      }
    },
    "node_modules/@types/body-parser/node_modules/@types/node": {
      "version": "16.18.6",
      "license": "MIT"
    },
    "node_modules/@types/connect": {
      "version": "3.4.38",
      "license": "MIT",
      "dependencies": {
        "@types/node": "*"
      }
    },
    "node_modules/@types/connect/node_modules/@types/node": {
      "version": "16.18.6",
      "license": "MIT"
    },
    "node_modules/@types/cookies": {
      "version": "0.7.7",
      "license": "MIT",
      "dependencies": {
        "@types/connect": "*",
        "@types/express": "*",
        "@types/keygrip": "*",
        "@types/node": "*"
      }
    },
    "node_modules/@types/cookies/node_modules/@types/node": {
      "version": "16.18.6",
      "license": "MIT"
    },
    "node_modules/@types/express": {
      "version": "4.17.14",
      "license": "MIT",
      "dependencies": {
        "@types/body-parser": "*",
        "@types/express-serve-static-core": "^4.17.18",
        "@types/qs": "*",
        "@types/serve-static": "*"
      }
    },
    "node_modules/@types/express-serve-static-core": {
      "version": "4.17.41",
      "license": "MIT",
      "dependencies": {
        "@types/node": "*",
        "@types/qs": "*",
        "@types/range-parser": "*",
        "@types/send": "*"
      }
    },
    "node_modules/@types/express-serve-static-core/node_modules/@types/node": {
      "version": "16.18.6",
      "license": "MIT"
    },
    "node_modules/@types/http-errors": {
      "version": "2.0.4",
      "license": "MIT"
    },
    "node_modules/@types/keygrip": {
      "version": "1.0.5",
      "license": "MIT"
    },
    "node_modules/@types/listr": {
      "version": "0.14.9",
      "dev": true,
      "license": "MIT",
      "dependencies": {
        "@types/node": "*",
        "rxjs": "^6.5.1"
      }
    },
    "node_modules/@types/mime": {
      "version": "1.3.5",
      "license": "MIT"
    },
    "node_modules/@types/node": {
      "version": "20.10.0",
      "dev": true,
      "license": "MIT",
      "dependencies": {
        "undici-types": "~5.26.4"
      }
    },
    "node_modules/@types/node-fetch": {
      "version": "2.6.2",
      "license": "MIT",
      "dependencies": {
        "@types/node": "*",
        "form-data": "^3.0.0"
      }
    },
    "node_modules/@types/node-fetch/node_modules/@types/node": {
      "version": "16.18.6",
      "license": "MIT"
    },
    "node_modules/@types/qs": {
      "version": "6.9.10",
      "license": "MIT"
    },
    "node_modules/@types/range-parser": {
      "version": "1.2.7",
      "license": "MIT"
    },
    "node_modules/@types/send": {
      "version": "0.17.4",
      "license": "MIT",
      "dependencies": {
        "@types/mime": "^1",
        "@types/node": "*"
      }
    },
    "node_modules/@types/send/node_modules/@types/node": {
      "version": "16.18.6",
      "license": "MIT"
    },
    "node_modules/@types/serve-static": {
      "version": "1.15.5",
      "license": "MIT",
      "dependencies": {
        "@types/http-errors": "*",
        "@types/mime": "*",
        "@types/node": "*"
      }
    },
    "node_modules/@types/serve-static/node_modules/@types/node": {
      "version": "16.18.6",
      "license": "MIT"
    },
    "node_modules/ansi-escapes": {
      "version": "3.2.0",
      "license": "MIT",
      "engines": {
        "node": ">=4"
      }
    },
    "node_modules/ansi-styles": {
      "version": "2.2.1",
      "license": "MIT",
      "engines": {
        "node": ">=0.10.0"
      }
    },
    "node_modules/any-observable": {
      "version": "0.3.0",
      "license": "MIT",
      "engines": {
        "node": ">=6"
      }
    },
    "node_modules/asn1js": {
      "version": "3.0.5",
      "license": "BSD-3-Clause",
      "dependencies": {
        "pvtsutils": "^1.3.2",
        "pvutils": "^1.1.3",
        "tslib": "^2.4.0"
      },
      "engines": {
        "node": ">=12.0.0"
      }
    },
    "node_modules/asynckit": {
      "version": "0.4.0",
      "license": "MIT"
    },
    "node_modules/bun": {
      "version": "1.0.12",
      "cpu": [
        "arm64",
        "x64"
      ],
      "hasInstallScript": true,
      "license": "MIT",
      "os": [
        "darwin",
        "linux"
      ],
      "bin": {
        "bun": "bin/bun",
        "bunx": "bin/bun"
      },
      "optionalDependencies": {
        "@oven/bun-darwin-aarch64": "1.0.12",
        "@oven/bun-darwin-x64": "1.0.12",
        "@oven/bun-darwin-x64-baseline": "1.0.12",
        "@oven/bun-linux-aarch64": "1.0.12",
        "@oven/bun-linux-x64": "1.0.12",
        "@oven/bun-linux-x64-baseline": "1.0.12"
      }
    },
    "node_modules/camelcase": {
      "version": "5.3.1",
      "license": "MIT",
      "engines": {
        "node": ">=6"
      }
    },
    "node_modules/camelcase-keys": {
      "version": "6.2.2",
      "license": "MIT",
      "dependencies": {
        "camelcase": "^5.3.1",
        "map-obj": "^4.0.0",
        "quick-lru": "^4.0.1"
      },
      "engines": {
        "node": ">=8"
      },
      "funding": {
        "url": "https://github.com/sponsors/sindresorhus"
      }
    },
    "node_modules/cli-truncate": {
      "version": "0.2.1",
      "license": "MIT",
      "dependencies": {
        "slice-ansi": "0.0.4",
        "string-width": "^1.0.1"
      },
      "engines": {
        "node": ">=0.10.0"
      }
    },
    "node_modules/cli-truncate/node_modules/string-width": {
      "version": "1.0.2",
      "license": "MIT",
      "dependencies": {
        "code-point-at": "^1.0.0",
        "is-fullwidth-code-point": "^1.0.0",
        "strip-ansi": "^3.0.0"
      },
      "engines": {
        "node": ">=0.10.0"
      }
    },
    "node_modules/cli-truncate/node_modules/string-width/node_modules/strip-ansi": {
      "version": "3.0.1",
      "license": "MIT",
      "dependencies": {
        "ansi-regex": "^2.0.0"
      },
      "engines": {
        "node": ">=0.10.0"
      }
    },
    "node_modules/cli-truncate/node_modules/string-width/node_modules/strip-ansi/node_modules/ansi-regex": {
      "version": "2.1.1",
      "license": "MIT",
      "engines": {
        "node": ">=0.10.0"
      }
    },
    "node_modules/code-point-at": {
      "version": "1.1.0",
      "license": "MIT",
      "engines": {
        "node": ">=0.10.0"
      }
    },
    "node_modules/color-convert": {
      "version": "1.9.3",
      "license": "MIT",
      "dependencies": {
        "color-name": "1.1.3"
      }
    },
    "node_modules/color-name": {
      "version": "1.1.3",
      "license": "MIT"
    },
    "node_modules/combined-stream": {
      "version": "1.0.8",
      "license": "MIT",
      "dependencies": {
        "delayed-stream": "~1.0.0"
      },
      "engines": {
        "node": ">= 0.8"
      }
    },
    "node_modules/cookie": {
      "version": "0.5.0",
      "license": "MIT",
      "engines": {
        "node": ">= 0.6"
      }
    },
    "node_modules/date-fns": {
      "version": "1.30.1",
      "license": "MIT"
    },
    "node_modules/deepmerge": {
      "version": "4.2.2",
      "license": "MIT",
      "engines": {
        "node": ">=0.10.0"
      }
    },
    "node_modules/delayed-stream": {
      "version": "1.0.0",
      "license": "MIT",
      "engines": {
        "node": ">=0.4.0"
      }
    },
    "node_modules/dot-case": {
      "version": "3.0.4",
      "license": "MIT",
      "dependencies": {
        "no-case": "^3.0.4",
        "tslib": "^2.0.3"
      }
    },
    "node_modules/dotenv": {
      "version": "16.3.1",
      "license": "BSD-2-Clause",
      "engines": {
        "node": ">=12"
      },
      "funding": {
        "url": "https://github.com/motdotla/dotenv?sponsor=1"
      }
    },
    "node_modules/elegant-spinner": {
      "version": "1.0.1",
      "license": "MIT",
      "engines": {
        "node": ">=0.10.0"
      }
    },
    "node_modules/escape-string-regexp": {
      "version": "1.0.5",
      "license": "MIT",
      "engines": {
        "node": ">=0.8.0"
      }
    },
    "node_modules/figures": {
      "version": "1.7.0",
      "license": "MIT",
      "dependencies": {
        "escape-string-regexp": "^1.0.5",
        "object-assign": "^4.1.0"
      },
      "engines": {
        "node": ">=0.10.0"
      }
    },
    "node_modules/form-data": {
      "version": "3.0.1",
      "license": "MIT",
      "dependencies": {
        "asynckit": "^0.4.0",
        "combined-stream": "^1.0.8",
        "mime-types": "^2.1.12"
      },
      "engines": {
        "node": ">= 6"
      }
    },
    "node_modules/glob-to-regexp": {
      "version": "0.4.1",
      "license": "BSD-2-Clause"
    },
    "node_modules/has-ansi": {
      "version": "2.0.0",
      "license": "MIT",
      "dependencies": {
        "ansi-regex": "^2.0.0"
      },
      "engines": {
        "node": ">=0.10.0"
      }
    },
    "node_modules/has-ansi/node_modules/ansi-regex": {
      "version": "2.1.1",
      "license": "MIT",
      "engines": {
        "node": ">=0.10.0"
      }
    },
    "node_modules/has-flag": {
      "version": "3.0.0",
      "license": "MIT",
      "engines": {
        "node": ">=4"
      }
    },
    "node_modules/indent-string": {
      "version": "3.2.0",
      "license": "MIT",
      "engines": {
        "node": ">=4"
      }
    },
    "node_modules/is-fullwidth-code-point": {
      "version": "1.0.0",
      "license": "MIT",
      "dependencies": {
        "number-is-nan": "^1.0.0"
      },
      "engines": {
        "node": ">=0.10.0"
      }
    },
    "node_modules/is-observable": {
      "version": "1.1.0",
      "license": "MIT",
      "dependencies": {
        "symbol-observable": "^1.1.0"
      },
      "engines": {
        "node": ">=4"
      }
    },
    "node_modules/is-promise": {
      "version": "2.2.2",
      "license": "MIT"
    },
    "node_modules/is-stream": {
      "version": "1.1.0",
      "license": "MIT",
      "engines": {
        "node": ">=0.10.0"
      }
    },
    "node_modules/js-cookie": {
      "version": "3.0.1",
      "license": "MIT",
      "engines": {
        "node": ">=12"
      }
    },
    "node_modules/js-tokens": {
      "version": "4.0.0",
      "resolved": "https://registry.npmjs.org/js-tokens/-/js-tokens-4.0.0.tgz",
      "integrity": "sha512-RdJUflcE3cUzKiMqQgsCu06FPu9UdIJO0beYbPhHN4k6apgJtifcoCtT9bcxOpYBtpD2kCM6Sbzg4CausW/PKQ==",
      "peer": true
    },
    "node_modules/listr": {
      "version": "0.14.3",
      "license": "MIT",
      "dependencies": {
        "@samverschueren/stream-to-observable": "^0.3.0",
        "is-observable": "^1.1.0",
        "is-promise": "^2.1.0",
        "is-stream": "^1.1.0",
        "listr-silent-renderer": "^1.1.1",
        "listr-update-renderer": "^0.5.0",
        "listr-verbose-renderer": "^0.5.0",
        "p-map": "^2.0.0",
        "rxjs": "^6.3.3"
      },
      "engines": {
        "node": ">=6"
      }
    },
    "node_modules/listr-silent-renderer": {
      "version": "1.1.1",
      "license": "MIT",
      "engines": {
        "node": ">=4"
      }
    },
    "node_modules/listr-update-renderer": {
      "version": "0.5.0",
      "license": "MIT",
      "dependencies": {
        "chalk": "^1.1.3",
        "cli-truncate": "^0.2.1",
        "elegant-spinner": "^1.0.1",
        "figures": "^1.7.0",
        "indent-string": "^3.0.0",
        "log-symbols": "^1.0.2",
        "log-update": "^2.3.0",
        "strip-ansi": "^3.0.1"
      },
      "engines": {
        "node": ">=6"
      },
      "peerDependencies": {
        "listr": "^0.14.2"
      }
    },
    "node_modules/listr-update-renderer/node_modules/chalk": {
      "version": "1.1.3",
      "license": "MIT",
      "dependencies": {
        "ansi-styles": "^2.2.1",
        "escape-string-regexp": "^1.0.2",
        "has-ansi": "^2.0.0",
        "strip-ansi": "^3.0.0",
        "supports-color": "^2.0.0"
      },
      "engines": {
        "node": ">=0.10.0"
      }
    },
    "node_modules/listr-update-renderer/node_modules/log-symbols": {
      "version": "1.0.2",
      "license": "MIT",
      "dependencies": {
        "chalk": "^1.0.0"
      },
      "engines": {
        "node": ">=0.10.0"
      }
    },
    "node_modules/listr-update-renderer/node_modules/strip-ansi": {
      "version": "3.0.1",
      "license": "MIT",
      "dependencies": {
        "ansi-regex": "^2.0.0"
      },
      "engines": {
        "node": ">=0.10.0"
      }
    },
    "node_modules/listr-update-renderer/node_modules/strip-ansi/node_modules/ansi-regex": {
      "version": "2.1.1",
      "license": "MIT",
      "engines": {
        "node": ">=0.10.0"
      }
    },
    "node_modules/listr-verbose-renderer": {
      "version": "0.5.0",
      "license": "MIT",
      "dependencies": {
        "chalk": "^2.4.1",
        "cli-cursor": "^2.1.0",
        "date-fns": "^1.27.2",
        "figures": "^2.0.0"
      },
      "engines": {
        "node": ">=4"
      }
    },
    "node_modules/listr-verbose-renderer/node_modules/chalk": {
      "version": "2.4.2",
      "license": "MIT",
      "dependencies": {
        "ansi-styles": "^3.2.1",
        "escape-string-regexp": "^1.0.5",
        "supports-color": "^5.3.0"
      },
      "engines": {
        "node": ">=4"
      }
    },
    "node_modules/listr-verbose-renderer/node_modules/chalk/node_modules/ansi-styles": {
      "version": "3.2.1",
      "license": "MIT",
      "dependencies": {
        "color-convert": "^1.9.0"
      },
      "engines": {
        "node": ">=4"
      }
    },
    "node_modules/listr-verbose-renderer/node_modules/chalk/node_modules/supports-color": {
      "version": "5.5.0",
      "license": "MIT",
      "dependencies": {
        "has-flag": "^3.0.0"
      },
      "engines": {
        "node": ">=4"
      }
    },
    "node_modules/listr-verbose-renderer/node_modules/cli-cursor": {
      "version": "2.1.0",
      "license": "MIT",
      "dependencies": {
        "restore-cursor": "^2.0.0"
      },
      "engines": {
        "node": ">=4"
      }
    },
    "node_modules/listr-verbose-renderer/node_modules/cli-cursor/node_modules/restore-cursor": {
      "version": "2.0.0",
      "license": "MIT",
      "dependencies": {
        "onetime": "^2.0.0",
        "signal-exit": "^3.0.2"
      },
      "engines": {
        "node": ">=4"
      }
    },
    "node_modules/listr-verbose-renderer/node_modules/cli-cursor/node_modules/restore-cursor/node_modules/onetime": {
      "version": "2.0.1",
      "license": "MIT",
      "dependencies": {
        "mimic-fn": "^1.0.0"
      },
      "engines": {
        "node": ">=4"
      }
    },
    "node_modules/listr-verbose-renderer/node_modules/cli-cursor/node_modules/restore-cursor/node_modules/onetime/node_modules/mimic-fn": {
      "version": "1.2.0",
      "license": "MIT",
      "engines": {
        "node": ">=4"
      }
    },
    "node_modules/listr-verbose-renderer/node_modules/figures": {
      "version": "2.0.0",
      "license": "MIT",
      "dependencies": {
        "escape-string-regexp": "^1.0.5"
      },
      "engines": {
        "node": ">=4"
      }
    },
    "node_modules/log-update": {
      "version": "2.3.0",
      "license": "MIT",
      "dependencies": {
        "ansi-escapes": "^3.0.0",
        "cli-cursor": "^2.0.0",
        "wrap-ansi": "^3.0.1"
      },
      "engines": {
        "node": ">=4"
      }
    },
    "node_modules/log-update/node_modules/cli-cursor": {
      "version": "2.1.0",
      "license": "MIT",
      "dependencies": {
        "restore-cursor": "^2.0.0"
      },
      "engines": {
        "node": ">=4"
      }
    },
    "node_modules/log-update/node_modules/cli-cursor/node_modules/restore-cursor": {
      "version": "2.0.0",
      "license": "MIT",
      "dependencies": {
        "onetime": "^2.0.0",
        "signal-exit": "^3.0.2"
      },
      "engines": {
        "node": ">=4"
      }
    },
    "node_modules/log-update/node_modules/cli-cursor/node_modules/restore-cursor/node_modules/onetime": {
      "version": "2.0.1",
      "license": "MIT",
      "dependencies": {
        "mimic-fn": "^1.0.0"
      },
      "engines": {
        "node": ">=4"
      }
    },
    "node_modules/log-update/node_modules/cli-cursor/node_modules/restore-cursor/node_modules/onetime/node_modules/mimic-fn": {
      "version": "1.2.0",
      "license": "MIT",
      "engines": {
        "node": ">=4"
      }
    },
    "node_modules/loose-envify": {
      "version": "1.4.0",
      "resolved": "https://registry.npmjs.org/loose-envify/-/loose-envify-1.4.0.tgz",
      "integrity": "sha512-lyuxPGr/Wfhrlem2CL/UcnUc1zcqKAImBDzukY7Y5F/yQiNdko6+fRLevlw1HgMySw7f611UIY408EtxRSoK3Q==",
      "peer": true,
      "dependencies": {
        "js-tokens": "^3.0.0 || ^4.0.0"
      },
      "bin": {
        "loose-envify": "cli.js"
      }
    },
    "node_modules/lower-case": {
      "version": "2.0.2",
      "license": "MIT",
      "dependencies": {
        "tslib": "^2.0.3"
      }
    },
    "node_modules/map-obj": {
      "version": "4.3.0",
      "license": "MIT",
      "engines": {
        "node": ">=8"
      },
      "funding": {
        "url": "https://github.com/sponsors/sindresorhus"
      }
    },
    "node_modules/mime-db": {
      "version": "1.52.0",
      "license": "MIT",
      "engines": {
        "node": ">= 0.6"
      }
    },
    "node_modules/mime-types": {
      "version": "2.1.35",
      "license": "MIT",
      "dependencies": {
        "mime-db": "1.52.0"
      },
      "engines": {
        "node": ">= 0.6"
      }
    },
    "node_modules/no-case": {
      "version": "3.0.4",
      "license": "MIT",
      "dependencies": {
        "lower-case": "^2.0.2",
        "tslib": "^2.0.3"
      }
    },
    "node_modules/node-fetch-native": {
      "version": "1.0.1",
      "license": "MIT"
    },
    "node_modules/number-is-nan": {
      "version": "1.0.1",
      "license": "MIT",
      "engines": {
        "node": ">=0.10.0"
      }
    },
    "node_modules/object-assign": {
      "version": "4.1.1",
      "license": "MIT",
      "engines": {
        "node": ">=0.10.0"
      }
    },
    "node_modules/p-map": {
      "version": "2.1.0",
      "license": "MIT",
      "engines": {
        "node": ">=6"
      }
    },
    "node_modules/pvtsutils": {
      "version": "1.3.5",
      "license": "MIT",
      "dependencies": {
        "tslib": "^2.6.1"
      }
    },
    "node_modules/pvutils": {
      "version": "1.1.3",
      "license": "MIT",
      "engines": {
        "node": ">=6.0.0"
      }
    },
    "node_modules/quick-lru": {
      "version": "4.0.1",
      "license": "MIT",
      "engines": {
        "node": ">=8"
      }
    },
    "node_modules/react": {
      "version": "18.2.0",
      "resolved": "https://registry.npmjs.org/react/-/react-18.2.0.tgz",
      "integrity": "sha512-/3IjMdb2L9QbBdWiW5e3P2/npwMBaU9mHCSCUzNln0ZCYbcfTsGbTJrU/kGemdH2IWmB2ioZ+zkxtmq6g09fGQ==",
      "peer": true,
      "dependencies": {
        "loose-envify": "^1.1.0"
      },
      "engines": {
        "node": ">=0.10.0"
      }
    },
    "node_modules/rxjs": {
      "version": "6.6.7",
      "license": "Apache-2.0",
      "dependencies": {
        "tslib": "^1.9.0"
      },
      "engines": {
        "npm": ">=2.0.0"
      }
    },
    "node_modules/rxjs/node_modules/tslib": {
      "version": "1.14.1",
      "license": "0BSD"
    },
    "node_modules/signal-exit": {
      "version": "3.0.7",
      "license": "ISC"
    },
    "node_modules/slice-ansi": {
      "version": "0.0.4",
      "license": "MIT",
      "engines": {
        "node": ">=0.10.0"
      }
    },
    "node_modules/snake-case": {
      "version": "3.0.4",
      "license": "MIT",
      "dependencies": {
        "dot-case": "^3.0.4",
        "tslib": "^2.0.3"
      }
    },
    "node_modules/snakecase-keys": {
      "version": "3.2.1",
      "license": "MIT",
      "dependencies": {
        "map-obj": "^4.1.0",
        "to-snake-case": "^1.0.0"
      },
      "engines": {
        "node": ">=8"
      }
    },
    "node_modules/supports-color": {
      "version": "2.0.0",
      "license": "MIT",
      "engines": {
        "node": ">=0.8.0"
      }
    },
    "node_modules/swr": {
      "version": "2.2.0",
      "license": "MIT",
      "dependencies": {
        "use-sync-external-store": "^1.2.0"
      },
      "peerDependencies": {
        "react": "^16.11.0 || ^17.0.0 || ^18.0.0"
      }
    },
    "node_modules/symbol-observable": {
      "version": "1.2.0",
      "license": "MIT",
      "engines": {
        "node": ">=0.10.0"
      }
    },
    "node_modules/to-no-case": {
      "version": "1.0.2",
      "license": "MIT"
    },
    "node_modules/to-snake-case": {
      "version": "1.0.0",
      "license": "MIT",
      "dependencies": {
        "to-space-case": "^1.0.0"
      }
    },
    "node_modules/to-space-case": {
      "version": "1.0.0",
      "license": "MIT",
      "dependencies": {
        "to-no-case": "^1.0.0"
      }
    },
    "node_modules/tslib": {
      "version": "2.6.2",
      "resolved": "https://registry.npmjs.org/tslib/-/tslib-2.6.2.tgz",
      "integrity": "sha512-AEYxH93jGFPn/a2iVAwW87VuUIkR1FVUKB77NwMF7nBTDkDrrT/Hpt/IrCJ0QXhW27jTBDcf5ZY7w6RiqTMw2Q=="
    },
    "node_modules/undici-types": {
      "version": "5.26.5",
      "dev": true,
      "license": "MIT"
    },
    "node_modules/use-sync-external-store": {
      "version": "1.2.0",
      "license": "MIT",
      "peerDependencies": {
        "react": "^16.8.0 || ^17.0.0 || ^18.0.0"
      }
    },
    "node_modules/webcrypto-core": {
      "version": "1.7.7",
      "license": "MIT",
      "dependencies": {
        "@peculiar/asn1-schema": "^2.3.6",
        "@peculiar/json-schema": "^1.1.12",
        "asn1js": "^3.0.1",
        "pvtsutils": "^1.3.2",
        "tslib": "^2.4.0"
      }
    },
    "node_modules/wrap-ansi": {
      "version": "3.0.1",
      "license": "MIT",
      "dependencies": {
        "string-width": "^2.1.1",
        "strip-ansi": "^4.0.0"
      },
      "engines": {
        "node": ">=4"
      }
    },
    "node_modules/wrap-ansi/node_modules/string-width": {
      "version": "2.1.1",
      "license": "MIT",
      "dependencies": {
        "is-fullwidth-code-point": "^2.0.0",
        "strip-ansi": "^4.0.0"
      },
      "engines": {
        "node": ">=4"
      }
    },
    "node_modules/wrap-ansi/node_modules/string-width/node_modules/is-fullwidth-code-point": {
      "version": "2.0.0",
      "license": "MIT",
      "engines": {
        "node": ">=4"
      }
    },
    "node_modules/wrap-ansi/node_modules/strip-ansi": {
      "version": "4.0.0",
      "license": "MIT",
      "dependencies": {
        "ansi-regex": "^3.0.0"
      },
      "engines": {
        "node": ">=4"
      }
    },
    "node_modules/wrap-ansi/node_modules/strip-ansi/node_modules/ansi-regex": {
      "version": "3.0.1",
      "license": "MIT",
      "engines": {
        "node": ">=4"
      }
    },
    "node_modules/zod": {
      "version": "3.22.4",
      "license": "MIT",
      "funding": {
        "url": "https://github.com/sponsors/colinhacks"
      }
    }
  }
}
