lockfileVersion: '6.0'

settings:
  autoInstallPeers: true
  excludeLinksFromLockfile: false

dependencies:
  '@clerk/clerk-sdk-node':
    specifier: ^4.12.21
    version: 4.12.21(react@18.2.0)
  bun:
    specifier: ^1.0.12
    version: 1.0.12
  dotenv:
    specifier: ^16.3.1
    version: 16.3.1
  zod:
    specifier: ^3.22.4
    version: 3.22.4

packages:

  /@clerk/backend@0.34.1(react@18.2.0):
    resolution: {integrity: sha512-I6u7vb7XHA0kNek5Ez4VVqBDZKxLepR6wJXlYUy5lGwsTdaQiFwy5Q0nKP2GdQQYtlKpXSAryLu19Cq5zaaNYg==}
    engines: {node: '>=14'}
    dependencies:
      '@clerk/shared': 1.1.0(react@18.2.0)
      '@clerk/types': 3.58.0
      '@peculiar/webcrypto': 1.4.1
      '@types/node': 16.18.6
      cookie: 0.5.0
      deepmerge: 4.2.2
      node-fetch-native: 1.0.1
      snakecase-keys: 5.4.4
      tslib: 2.4.1
    transitivePeerDependencies:
      - react
    dev: false

  /@clerk/clerk-sdk-node@4.12.21(react@18.2.0):
    resolution: {integrity: sha512-43MdviLlAG3naNzRyxF/Io8YYQBnFEIQiqYFVHzKzZGEsbPST9lBfeFxJZKrCqSE8K7gMx3+3D87bveXq6a7cA==}
    engines: {node: '>=14'}
    dependencies:
      '@clerk/backend': 0.34.1(react@18.2.0)
      '@clerk/shared': 1.1.0(react@18.2.0)
      '@clerk/types': 3.58.0
      '@types/cookies': 0.7.7
      '@types/express': 4.17.14
      '@types/node-fetch': 2.6.2
      camelcase-keys: 6.2.2
      snakecase-keys: 3.2.1
      tslib: 2.4.1
    transitivePeerDependencies:
      - react
    dev: false

  /@clerk/shared@1.1.0(react@18.2.0):
    resolution: {integrity: sha512-rxQ6bxAERZsf/dzCU35qt3gRp9+a035Vrre8j8tyT60dbP8PQhXUbeNu+oVqqjpHWeyoWWt6fZGLXbDTXdXx7g==}
    peerDependencies:
      react: '>=16'
    peerDependenciesMeta:
      react:
        optional: true
    dependencies:
      glob-to-regexp: 0.4.1
      js-cookie: 3.0.1
      react: 18.2.0
      swr: 2.2.0(react@18.2.0)
    dev: false

  /@clerk/types@3.58.0:
    resolution: {integrity: sha512-fIsvEM3nYQwViOuYxNVcwEl0WkXW6AdYpSghNBKfOge1kriSSHP++T5rRMJBXy6asl2AEydVlUBKx9drAzqKoA==}
    engines: {node: '>=14'}
    dependencies:
      csstype: 3.1.1
    dev: false

  /@oven/bun-darwin-aarch64@1.0.12:
    resolution: {integrity: sha512-e/iNyt8HXlvDTzyvKUyq+vIUVyID9WykyDvNEcz5jM9bcdwimiAo+VGvRhAWnRkazhDBY5H3DL+ixEGy0ljIGw==}
    cpu: [arm64]
    os: [darwin]
    requiresBuild: true
    dev: false
    optional: true

  /@oven/bun-darwin-x64-baseline@1.0.12:
    resolution: {integrity: sha512-E/0pWuimJlrSzbk6TLgHHvJ0YkRv6oUT1grvgbJz1zyY5/86tAzbc8N6i37kot3jvJ/qF4pF98DkAK+V5TKOMg==}
    cpu: [x64]
    os: [darwin]
    requiresBuild: true
    dev: false
    optional: true

  /@oven/bun-darwin-x64@1.0.12:
    resolution: {integrity: sha512-CWfuYPJ1oObCKskOZeg7aM6ToJgt1LEpIIyaqRiYiVji3lrEcnNVPFUJqj7JlQrchZrcrqRr0duKypVCQ+8Jig==}
    cpu: [x64]
    os: [darwin]
    requiresBuild: true
    dev: false
    optional: true

  /@oven/bun-linux-aarch64@1.0.12:
    resolution: {integrity: sha512-0az/FbWNerffUw4ik2VYq/L1m+YncV1uRj59YJMVgB7Eyo1ykgGAmKM/7bUFNrwO1c8Ydz0vj2oOXeYJzWc1Tg==}
    cpu: [arm64]
    os: [linux]
    requiresBuild: true
    dev: false
    optional: true

  /@oven/bun-linux-x64-baseline@1.0.12:
    resolution: {integrity: sha512-/sSpuNXbCnNoZ3HHL2veGZWmBqIEeM4skaAMp4rSD+Yf5NbHZXeB4qhj7bp7DTMyRESkScMir1DpJifqNhNd/Q==}
    cpu: [x64]
    os: [linux]
    requiresBuild: true
    dev: false
    optional: true

  /@oven/bun-linux-x64@1.0.12:
    resolution: {integrity: sha512-A5PP4JpKVwqtj31ZPOHJlerFyw8zOJKRk6ssk1m0jRaFm0/4tEcpqQzX/pPmZcoFhWKcKDnwSJDUIT5vR0q24w==}
    cpu: [x64]
    os: [linux]
    requiresBuild: true
    dev: false
    optional: true

  /@peculiar/asn1-schema@2.3.8:
    resolution: {integrity: sha512-ULB1XqHKx1WBU/tTFIA+uARuRoBVZ4pNdOA878RDrRbBfBGcSzi5HBkdScC6ZbHn8z7L8gmKCgPC1LHRrP46tA==}
    dependencies:
      asn1js: 3.0.5
      pvtsutils: 1.3.5
      tslib: 2.6.2
    dev: false

  /@peculiar/json-schema@1.1.12:
    resolution: {integrity: sha512-coUfuoMeIB7B8/NMekxaDzLhaYmp0HZNPEjYRm9goRou8UZIC3z21s0sL9AWoCw4EG876QyO3kYrc61WNF9B/w==}
    engines: {node: '>=8.0.0'}
    dependencies:
      tslib: 2.4.1
    dev: false

  /@peculiar/webcrypto@1.4.1:
    resolution: {integrity: sha512-eK4C6WTNYxoI7JOabMoZICiyqRRtJB220bh0Mbj5RwRycleZf9BPyZoxsTvpP0FpmVS2aS13NKOuh5/tN3sIRw==}
    engines: {node: '>=10.12.0'}
    dependencies:
      '@peculiar/asn1-schema': 2.3.8
      '@peculiar/json-schema': 1.1.12
      pvtsutils: 1.3.5
      tslib: 2.4.1
      webcrypto-core: 1.7.7
    dev: false

  /@types/body-parser@1.19.5:
    resolution: {integrity: sha512-fB3Zu92ucau0iQ0JMCFQE7b/dv8Ot07NI3KaZIkIUNXq82k4eBAqUaneXfleGY9JWskeS9y+u0nXMyspcuQrCg==}
    dependencies:
      '@types/connect': 3.4.38
      '@types/node': 20.9.1
    dev: false

  /@types/connect@3.4.38:
    resolution: {integrity: sha512-K6uROf1LD88uDQqJCktA4yzL1YYAK6NgfsI0v/mTgyPKWsX1CnJ0XPSDhViejru1GcRkLWb8RlzFYJRqGUbaug==}
    dependencies:
      '@types/node': 20.9.1
    dev: false

  /@types/cookies@0.7.7:
    resolution: {integrity: sha512-h7BcvPUogWbKCzBR2lY4oqaZbO3jXZksexYJVFvkrFeLgbZjQkU4x8pRq6eg2MHXQhY0McQdqmmsxRWlVAHooA==}
    dependencies:
      '@types/connect': 3.4.38
      '@types/express': 4.17.14
      '@types/keygrip': 1.0.5
      '@types/node': 20.9.1
    dev: false

  /@types/express-serve-static-core@4.17.41:
    resolution: {integrity: sha512-OaJ7XLaelTgrvlZD8/aa0vvvxZdUmlCn6MtWeB7TkiKW70BQLc9XEPpDLPdbo52ZhXUCrznlWdCHWxJWtdyajA==}
    dependencies:
      '@types/node': 20.9.1
      '@types/qs': 6.9.10
      '@types/range-parser': 1.2.7
      '@types/send': 0.17.4
    dev: false

  /@types/express@4.17.14:
    resolution: {integrity: sha512-TEbt+vaPFQ+xpxFLFssxUDXj5cWCxZJjIcB7Yg0k0GMHGtgtQgpvx/MUQUeAkNbA9AAGrwkAsoeItdTgS7FMyg==}
    dependencies:
      '@types/body-parser': 1.19.5
      '@types/express-serve-static-core': 4.17.41
      '@types/qs': 6.9.10
      '@types/serve-static': 1.15.5
    dev: false

  /@types/http-errors@2.0.4:
    resolution: {integrity: sha512-D0CFMMtydbJAegzOyHjtiKPLlvnm3iTZyZRSZoLq2mRhDdmLfIWOCYPfQJ4cu2erKghU++QvjcUjp/5h7hESpA==}
    dev: false

  /@types/keygrip@1.0.5:
    resolution: {integrity: sha512-M+BUYYOXgiYoab5L98VpOY1PzmDwWcTkqqu4mdluez5qOTDV0MVPChxhRIPeIFxQgSi3+6qjg1PnGFaGlW373g==}
    dev: false

  /@types/mime@1.3.5:
    resolution: {integrity: sha512-/pyBZWSLD2n0dcHE3hq8s8ZvcETHtEuF+3E7XVt0Ig2nvsVQXdghHVcEkIWjy9A0wKfTn97a/PSDYohKIlnP/w==}
    dev: false

  /@types/mime@3.0.4:
    resolution: {integrity: sha512-iJt33IQnVRkqeqC7PzBHPTC6fDlRNRW8vjrgqtScAhrmMwe8c4Eo7+fUGTa+XdWrpEgpyKWMYmi2dIwMAYRzPw==}
    dev: false

  /@types/node-fetch@2.6.2:
    resolution: {integrity: sha512-DHqhlq5jeESLy19TYhLakJ07kNumXWjcDdxXsLUMJZ6ue8VZJj4kLPQVE/2mdHh3xZziNF1xppu5lwmS53HR+A==}
    dependencies:
      '@types/node': 20.9.1
      form-data: 3.0.1
    dev: false

  /@types/node@16.18.6:
    resolution: {integrity: sha512-vmYJF0REqDyyU0gviezF/KHq/fYaUbFhkcNbQCuPGFQj6VTbXuHZoxs/Y7mutWe73C8AC6l9fFu8mSYiBAqkGA==}
    dev: false

  /@types/node@20.9.1:
    resolution: {integrity: sha512-HhmzZh5LSJNS5O8jQKpJ/3ZcrrlG6L70hpGqMIAoM9YVD0YBRNWYsfwcXq8VnSjlNpCpgLzMXdiPo+dxcvSmiA==}
    dependencies:
      undici-types: 5.26.5
    dev: false

  /@types/qs@6.9.10:
    resolution: {integrity: sha512-3Gnx08Ns1sEoCrWssEgTSJs/rsT2vhGP+Ja9cnnk9k4ALxinORlQneLXFeFKOTJMOeZUFD1s7w+w2AphTpvzZw==}
    dev: false

  /@types/range-parser@1.2.7:
    resolution: {integrity: sha512-hKormJbkJqzQGhziax5PItDUTMAM9uE2XXQmM37dyd4hVM+5aVl7oVxMVUiVQn2oCQFN/LKCZdvSM0pFRqbSmQ==}
    dev: false

  /@types/send@0.17.4:
    resolution: {integrity: sha512-x2EM6TJOybec7c52BX0ZspPodMsQUd5L6PRwOunVyVUhXiBSKf3AezDL8Dgvgt5o0UfKNfuA0eMLr2wLT4AiBA==}
    dependencies:
      '@types/mime': 1.3.5
      '@types/node': 20.9.1
    dev: false

  /@types/serve-static@1.15.5:
    resolution: {integrity: sha512-PDRk21MnK70hja/YF8AHfC7yIsiQHn1rcXx7ijCFBX/k+XQJhQT/gw3xekXKJvx+5SXaMMS8oqQy09Mzvz2TuQ==}
    dependencies:
      '@types/http-errors': 2.0.4
      '@types/mime': 3.0.4
      '@types/node': 20.9.1
    dev: false

  /asn1js@3.0.5:
    resolution: {integrity: sha512-FVnvrKJwpt9LP2lAMl8qZswRNm3T4q9CON+bxldk2iwk3FFpuwhx2FfinyitizWHsVYyaY+y5JzDR0rCMV5yTQ==}
    engines: {node: '>=12.0.0'}
    dependencies:
      pvtsutils: 1.3.5
      pvutils: 1.1.3
      tslib: 2.6.2
    dev: false

  /asynckit@0.4.0:
    resolution: {integrity: sha512-Oei9OH4tRh0YqU3GxhX79dM/mwVgvbZJaSNaRk+bshkj0S5cfHcgYakreBjrHwatXKbz+IoIdYLxrKim2MjW0Q==}
    dev: false

  /bun@1.0.12:
    resolution: {integrity: sha512-I0CAJJ0HQcu+hdid1jPpRuG1qAyiToZD2eJ0jOX9FLPvhyQQcul6DjRAlW+N1gk9brovK82sba4GvEQxVdCyUA==}
    cpu: [arm64, x64]
    os: [darwin, linux]
    hasBin: true
    requiresBuild: true
    optionalDependencies:
      '@oven/bun-darwin-aarch64': 1.0.12
      '@oven/bun-darwin-x64': 1.0.12
      '@oven/bun-darwin-x64-baseline': 1.0.12
      '@oven/bun-linux-aarch64': 1.0.12
      '@oven/bun-linux-x64': 1.0.12
      '@oven/bun-linux-x64-baseline': 1.0.12
    dev: false

  /camelcase-keys@6.2.2:
    resolution: {integrity: sha512-YrwaA0vEKazPBkn0ipTiMpSajYDSe+KjQfrjhcBMxJt/znbvlHd8Pw/Vamaz5EB4Wfhs3SUR3Z9mwRu/P3s3Yg==}
    engines: {node: '>=8'}
    dependencies:
      camelcase: 5.3.1
      map-obj: 4.3.0
      quick-lru: 4.0.1
    dev: false

  /camelcase@5.3.1:
    resolution: {integrity: sha512-L28STB170nwWS63UjtlEOE3dldQApaJXZkOI1uMFfzf3rRuPegHaHesyee+YxQ+W6SvRDQV6UrdOdRiR153wJg==}
    engines: {node: '>=6'}
    dev: false

  /combined-stream@1.0.8:
    resolution: {integrity: sha512-FQN4MRfuJeHf7cBbBMJFXhKSDq+2kAArBlmRBvcvFE5BB1HZKXtSFASDhdlz9zOYwxh8lDdnvmMOe/+5cdoEdg==}
    engines: {node: '>= 0.8'}
    dependencies:
      delayed-stream: 1.0.0
    dev: false

  /cookie@0.5.0:
    resolution: {integrity: sha512-YZ3GUyn/o8gfKJlnlX7g7xq4gyO6OSuhGPKaaGssGB2qgDUS0gPgtTvoyZLTt9Ab6dC4hfc9dV5arkvc/OCmrw==}
    engines: {node: '>= 0.6'}
    dev: false

  /csstype@3.1.1:
    resolution: {integrity: sha512-DJR/VvkAvSZW9bTouZue2sSxDwdTN92uHjqeKVm+0dAqdfNykRzQ95tay8aXMBAAPpUiq4Qcug2L7neoRh2Egw==}
    dev: false

  /deepmerge@4.2.2:
    resolution: {integrity: sha512-FJ3UgI4gIl+PHZm53knsuSFpE+nESMr7M4v9QcgB7S63Kj/6WqMiFQJpBBYz1Pt+66bZpP3Q7Lye0Oo9MPKEdg==}
    engines: {node: '>=0.10.0'}
    dev: false

  /delayed-stream@1.0.0:
    resolution: {integrity: sha512-ZySD7Nf91aLB0RxL4KGrKHBXl7Eds1DAmEdcoVawXnLD7SDhpNgtuII2aAkg7a7QS41jxPSZ17p4VdGnMHk3MQ==}
    engines: {node: '>=0.4.0'}
    dev: false

  /dot-case@3.0.4:
    resolution: {integrity: sha512-Kv5nKlh6yRrdrGvxeJ2e5y2eRUpkUosIW4A2AS38zwSz27zu7ufDwQPi5Jhs3XAlGNetl3bmnGhQsMtkKJnj3w==}
    dependencies:
      no-case: 3.0.4
      tslib: 2.4.1
    dev: false

  /dotenv@16.3.1:
    resolution: {integrity: sha512-IPzF4w4/Rd94bA9imS68tZBaYyBWSCE47V1RGuMrB94iyTOIEwRmVL2x/4An+6mETpLrKJ5hQkB8W4kFAadeIQ==}
    engines: {node: '>=12'}
    dev: false

  /form-data@3.0.1:
    resolution: {integrity: sha512-RHkBKtLWUVwd7SqRIvCZMEvAMoGUp0XU+seQiZejj0COz3RI3hWP4sCv3gZWWLjJTd7rGwcsF5eKZGii0r/hbg==}
    engines: {node: '>= 6'}
    dependencies:
      asynckit: 0.4.0
      combined-stream: 1.0.8
      mime-types: 2.1.35
    dev: false

  /glob-to-regexp@0.4.1:
    resolution: {integrity: sha512-lkX1HJXwyMcprw/5YUZc2s7DrpAiHB21/V+E1rHUrVNokkvB6bqMzT0VfV6/86ZNabt1k14YOIaT7nDvOX3Iiw==}
    dev: false

  /js-cookie@3.0.1:
    resolution: {integrity: sha512-+0rgsUXZu4ncpPxRL+lNEptWMOWl9etvPHc/koSRp6MPwpRYAhmk0dUG00J4bxVV3r9uUzfo24wW0knS07SKSw==}
    engines: {node: '>=12'}
    dev: false

  /js-tokens@4.0.0:
    resolution: {integrity: sha512-RdJUflcE3cUzKiMqQgsCu06FPu9UdIJO0beYbPhHN4k6apgJtifcoCtT9bcxOpYBtpD2kCM6Sbzg4CausW/PKQ==}
    dev: false

  /loose-envify@1.4.0:
    resolution: {integrity: sha512-lyuxPGr/Wfhrlem2CL/UcnUc1zcqKAImBDzukY7Y5F/yQiNdko6+fRLevlw1HgMySw7f611UIY408EtxRSoK3Q==}
    hasBin: true
    dependencies:
      js-tokens: 4.0.0
    dev: false

  /lower-case@2.0.2:
    resolution: {integrity: sha512-7fm3l3NAF9WfN6W3JOmf5drwpVqX78JtoGJ3A6W0a6ZnldM41w2fV5D490psKFTpMds8TJse/eHLFFsNHHjHgg==}
    dependencies:
      tslib: 2.4.1
    dev: false

  /map-obj@4.3.0:
    resolution: {integrity: sha512-hdN1wVrZbb29eBGiGjJbeP8JbKjq1urkHJ/LIP/NY48MZ1QVXUsQBV1G1zvYFHn1XE06cwjBsOI2K3Ulnj1YXQ==}
    engines: {node: '>=8'}
    dev: false

  /mime-db@1.52.0:
    resolution: {integrity: sha512-sPU4uV7dYlvtWJxwwxHD0PuihVNiE7TyAbQ5SWxDCB9mUYvOgroQOwYQQOKPJ8CIbE+1ETVlOoK1UC2nU3gYvg==}
    engines: {node: '>= 0.6'}
    dev: false

  /mime-types@2.1.35:
    resolution: {integrity: sha512-ZDY+bPm5zTTF+YpCrAU9nK0UgICYPT0QtT1NZWFv4s++TNkcgVaT0g6+4R2uI4MjQjzysHB1zxuWL50hzaeXiw==}
    engines: {node: '>= 0.6'}
    dependencies:
      mime-db: 1.52.0
    dev: false

  /no-case@3.0.4:
    resolution: {integrity: sha512-fgAN3jGAh+RoxUGZHTSOLJIqUc2wmoBwGR4tbpNAKmmovFoWq0OdRkb0VkldReO2a2iBT/OEulG9XSUc10r3zg==}
    dependencies:
      lower-case: 2.0.2
      tslib: 2.4.1
    dev: false

  /node-fetch-native@1.0.1:
    resolution: {integrity: sha512-VzW+TAk2wE4X9maiKMlT+GsPU4OMmR1U9CrHSmd3DFLn2IcZ9VJ6M6BBugGfYUnPCLSYxXdZy17M0BEJyhUTwg==}
    dev: false

  /pvtsutils@1.3.5:
    resolution: {integrity: sha512-ARvb14YB9Nm2Xi6nBq1ZX6dAM0FsJnuk+31aUp4TrcZEdKUlSqOqsxJHUPJDNE3qiIp+iUPEIeR6Je/tgV7zsA==}
    dependencies:
      tslib: 2.6.2
    dev: false

  /pvutils@1.1.3:
    resolution: {integrity: sha512-pMpnA0qRdFp32b1sJl1wOJNxZLQ2cbQx+k6tjNtZ8CpvVhNqEPRgivZ2WOUev2YMajecdH7ctUPDvEe87nariQ==}
    engines: {node: '>=6.0.0'}
    dev: false

  /quick-lru@4.0.1:
    resolution: {integrity: sha512-ARhCpm70fzdcvNQfPoy49IaanKkTlRWF2JMzqhcJbhSFRZv7nPTvZJdcY7301IPmvW+/p0RgIWnQDLJxifsQ7g==}
    engines: {node: '>=8'}
    dev: false

  /react@18.2.0:
    resolution: {integrity: sha512-/3IjMdb2L9QbBdWiW5e3P2/npwMBaU9mHCSCUzNln0ZCYbcfTsGbTJrU/kGemdH2IWmB2ioZ+zkxtmq6g09fGQ==}
    engines: {node: '>=0.10.0'}
    dependencies:
      loose-envify: 1.4.0
    dev: false

  /snake-case@3.0.4:
    resolution: {integrity: sha512-LAOh4z89bGQvl9pFfNF8V146i7o7/CqFPbqzYgP+yYzDIDeS9HaNFtXABamRW+AQzEVODcvE79ljJ+8a9YSdMg==}
    dependencies:
      dot-case: 3.0.4
      tslib: 2.4.1
    dev: false

  /snakecase-keys@3.2.1:
    resolution: {integrity: sha512-CjU5pyRfwOtaOITYv5C8DzpZ8XA/ieRsDpr93HI2r6e3YInC6moZpSQbmUtg8cTk58tq2x3jcG2gv+p1IZGmMA==}
    engines: {node: '>=8'}
    dependencies:
      map-obj: 4.3.0
      to-snake-case: 1.0.0
    dev: false

  /snakecase-keys@5.4.4:
    resolution: {integrity: sha512-YTywJG93yxwHLgrYLZjlC75moVEX04LZM4FHfihjHe1FCXm+QaLOFfSf535aXOAd0ArVQMWUAe8ZPm4VtWyXaA==}
    engines: {node: '>=12'}
    dependencies:
      map-obj: 4.3.0
      snake-case: 3.0.4
      type-fest: 2.19.0
    dev: false

  /swr@2.2.0(react@18.2.0):
    resolution: {integrity: sha512-AjqHOv2lAhkuUdIiBu9xbuettzAzWXmCEcLONNKJRba87WAefz8Ca9d6ds/SzrPc235n1IxWYdhJ2zF3MNUaoQ==}
    peerDependencies:
      react: ^16.11.0 || ^17.0.0 || ^18.0.0
    dependencies:
      react: 18.2.0
      use-sync-external-store: 1.2.0(react@18.2.0)
    dev: false

  /to-no-case@1.0.2:
    resolution: {integrity: sha512-Z3g735FxuZY8rodxV4gH7LxClE4H0hTIyHNIHdk+vpQxjLm0cwnKXq/OFVZ76SOQmto7txVcwSCwkU5kqp+FKg==}
    dev: false

  /to-snake-case@1.0.0:
    resolution: {integrity: sha512-joRpzBAk1Bhi2eGEYBjukEWHOe/IvclOkiJl3DtA91jV6NwQ3MwXA4FHYeqk8BNp/D8bmi9tcNbRu/SozP0jbQ==}
    dependencies:
      to-space-case: 1.0.0
    dev: false

  /to-space-case@1.0.0:
    resolution: {integrity: sha512-rLdvwXZ39VOn1IxGL3V6ZstoTbwLRckQmn/U8ZDLuWwIXNpuZDhQ3AiRUlhTbOXFVE9C+dR51wM0CBDhk31VcA==}
    dependencies:
      to-no-case: 1.0.2
    dev: false

  /tslib@2.4.1:
    resolution: {integrity: sha512-tGyy4dAjRIEwI7BzsB0lynWgOpfqjUdq91XXAlIWD2OwKBH7oCl/GZG/HT4BOHrTlPMOASlMQ7veyTqpmRcrNA==}
    dev: false

  /tslib@2.6.2:
    resolution: {integrity: sha512-AEYxH93jGFPn/a2iVAwW87VuUIkR1FVUKB77NwMF7nBTDkDrrT/Hpt/IrCJ0QXhW27jTBDcf5ZY7w6RiqTMw2Q==}
    dev: false

  /type-fest@2.19.0:
    resolution: {integrity: sha512-RAH822pAdBgcNMAfWnCBU3CFZcfZ/i1eZjwFU/dsLKumyuuP3niueg2UAukXYF0E2AAoc82ZSSf9J0WQBinzHA==}
    engines: {node: '>=12.20'}
    dev: false

  /undici-types@5.26.5:
    resolution: {integrity: sha512-JlCMO+ehdEIKqlFxk6IfVoAUVmgz7cU7zD/h9XZ0qzeosSHmUJVOzSQvvYSYWXkFXC+IfLKSIffhv0sVZup6pA==}
    dev: false

  /use-sync-external-store@1.2.0(react@18.2.0):
    resolution: {integrity: sha512-eEgnFxGQ1Ife9bzYs6VLi8/4X6CObHMw9Qr9tPY43iKwsPw8xE8+EFsf/2cFZ5S3esXgpWgtSCtLNS41F+sKPA==}
    peerDependencies:
      react: ^16.8.0 || ^17.0.0 || ^18.0.0
    dependencies:
      react: 18.2.0
    dev: false

  /webcrypto-core@1.7.7:
    resolution: {integrity: sha512-7FjigXNsBfopEj+5DV2nhNpfic2vumtjjgPmeDKk45z+MJwXKKfhPB7118Pfzrmh4jqOMST6Ch37iPAHoImg5g==}
    dependencies:
      '@peculiar/asn1-schema': 2.3.8
      '@peculiar/json-schema': 1.1.12
      asn1js: 3.0.5
      pvtsutils: 1.3.5
      tslib: 2.4.1
    dev: false

  /zod@3.22.4:
    resolution: {integrity: sha512-iC+8Io04lddc+mVqQ9AZ7OQ2MrUKGN+oIQyq1vemgt46jwCwLfhq7/pwnBnNXXXZb8VTVLKwp9EDkx+ryxIWmg==}
    dev: false
